
Microsoft Visual Studio Solution File, Format Version 12.00
# Visual Studio Version 16
VisualStudioVersion = 16.0.30204.135
MinimumVisualStudioVersion = 10.0.40219.1
Project("{FAE04EC0-301F-11D3-BF4B-00C04F79EFBC}") = "ToDoWord", "ToDoWord.csproj", "{22C5F7BF-DF43-40B5-B74B-EFD87AFD18CF}"
EndProject
Global
	GlobalSection(SolutionConfigurationPlatforms) = preSolution
		Debug|Any CPU = Debug|Any CPU
		Release|Any CPU = Release|Any CPU
	EndGlobalSection
	GlobalSection(ProjectConfigurationPlatforms) = postSolution
		{22C5F7BF-DF43-40B5-B74B-EFD87AFD18CF}.Debug|Any CPU.ActiveCfg = Debug|Any CPU
		{22C5F7BF-DF43-40B5-B74B-EFD87AFD18CF}.Debug|Any CPU.Build.0 = Debug|Any CPU
		{22C5F7BF-DF43-40B5-B74B-EFD87AFD18CF}.Release|Any CPU.ActiveCfg = Release|Any CPU
		{22C5F7BF-DF43-40B5-B74B-EFD87AFD18CF}.Release|Any CPU.Build.0 = Release|Any CPU
	EndGlobalSection
	GlobalSection(SolutionProperties) = preSolution
		HideSolutionNode = FALSE
	EndGlobalSection
	GlobalSection(ExtensibilityGlobals) = postSolution
		SolutionGuid = {13C065D8-826D-4993-AB27-38E11527384B}
	EndGlobalSection
EndGlobal
